
Microsoft Visual Studio Solution File, Format Version 12.00
# Visual Studio Version 16
VisualStudioVersion = 16.0.29728.190
MinimumVisualStudioVersion = 10.0.40219.1
Project("{FAE04EC0-301F-11D3-BF4B-00C04F79EFBC}") = "Csound6NetLib", "CsoundNetLib\Csound6NetLib.csproj", "{31647B4C-829D-42DC-9118-DEC8DB04BF61}"
EndProject
Project("{FAE04EC0-301F-11D3-BF4B-00C04F79EFBC}") = "TestCsound6NetLib", "TestCsoundNetLib\TestCsound6NetLib.csproj", "{80175EC9-C237-4A75-AC59-AAE19C1993A4}"
EndProject
Project("{FAE04EC0-301F-11D3-BF4B-00C04F79EFBC}") = "Csound6Net", "Csound6Net\Csound6Net.csproj", "{F7171D0F-ACA9-4688-A71D-279F03EB9A19}"
EndProject
Project("{FAE04EC0-301F-11D3-BF4B-00C04F79EFBC}") = "Csound6NetRuntime", "Csound6NetRuntime\Csound6NetRuntime.csproj", "{DE232F63-2C7E-429E-8EC4-FB7F76EFC6B9}"
EndProject
Project("{FAE04EC0-301F-11D3-BF4B-00C04F79EFBC}") = "csoundAPI_Examples", "csoundAPI_Examples\csoundAPI_Examples.csproj", "{0EE3CFC1-36A2-4FD9-AAB9-09C21DB84DE6}"
	ProjectSection(ProjectDependencies) = postProject
		{31647B4C-829D-42DC-9118-DEC8DB04BF61} = {31647B4C-829D-42DC-9118-DEC8DB04BF61}
	EndProjectSection
EndProject
Global
	GlobalSection(SolutionConfigurationPlatforms) = preSolution
		CD_ROM|Any CPU = CD_ROM|Any CPU
		CD_ROM|Mixed Platforms = CD_ROM|Mixed Platforms
		CD_ROM|Win32 = CD_ROM|Win32
		Debug|Any CPU = Debug|Any CPU
		Debug|Mixed Platforms = Debug|Mixed Platforms
		Debug|Win32 = Debug|Win32
		DVD-5|Any CPU = DVD-5|Any CPU
		DVD-5|Mixed Platforms = DVD-5|Mixed Platforms
		DVD-5|Win32 = DVD-5|Win32
		Release|Any CPU = Release|Any CPU
		Release|Mixed Platforms = Release|Mixed Platforms
		Release|Win32 = Release|Win32
		SingleImage|Any CPU = SingleImage|Any CPU
		SingleImage|Mixed Platforms = SingleImage|Mixed Platforms
		SingleImage|Win32 = SingleImage|Win32
	EndGlobalSection
	GlobalSection(ProjectConfigurationPlatforms) = postSolution
		{31647B4C-829D-42DC-9118-DEC8DB04BF61}.CD_ROM|Any CPU.ActiveCfg = Release|Any CPU
		{31647B4C-829D-42DC-9118-DEC8DB04BF61}.CD_ROM|Any CPU.Build.0 = Release|Any CPU
		{31647B4C-829D-42DC-9118-DEC8DB04BF61}.CD_ROM|Mixed Platforms.ActiveCfg = Release|Any CPU
		{31647B4C-829D-42DC-9118-DEC8DB04BF61}.CD_ROM|Mixed Platforms.Build.0 = Release|Any CPU
		{31647B4C-829D-42DC-9118-DEC8DB04BF61}.CD_ROM|Win32.ActiveCfg = Release|Any CPU
		{31647B4C-829D-42DC-9118-DEC8DB04BF61}.Debug|Any CPU.ActiveCfg = Debug|Any CPU
		{31647B4C-829D-42DC-9118-DEC8DB04BF61}.Debug|Any CPU.Build.0 = Debug|Any CPU
		{31647B4C-829D-42DC-9118-DEC8DB04BF61}.Debug|Mixed Platforms.ActiveCfg = Debug|Any CPU
		{31647B4C-829D-42DC-9118-DEC8DB04BF61}.Debug|Mixed Platforms.Build.0 = Debug|Any CPU
		{31647B4C-829D-42DC-9118-DEC8DB04BF61}.Debug|Win32.ActiveCfg = Debug|Any CPU
		{31647B4C-829D-42DC-9118-DEC8DB04BF61}.DVD-5|Any CPU.ActiveCfg = Debug|Any CPU
		{31647B4C-829D-42DC-9118-DEC8DB04BF61}.DVD-5|Any CPU.Build.0 = Debug|Any CPU
		{31647B4C-829D-42DC-9118-DEC8DB04BF61}.DVD-5|Mixed Platforms.ActiveCfg = Debug|Any CPU
		{31647B4C-829D-42DC-9118-DEC8DB04BF61}.DVD-5|Mixed Platforms.Build.0 = Debug|Any CPU
		{31647B4C-829D-42DC-9118-DEC8DB04BF61}.DVD-5|Win32.ActiveCfg = Debug|Any CPU
		{31647B4C-829D-42DC-9118-DEC8DB04BF61}.Release|Any CPU.ActiveCfg = Release|Any CPU
		{31647B4C-829D-42DC-9118-DEC8DB04BF61}.Release|Any CPU.Build.0 = Release|Any CPU
		{31647B4C-829D-42DC-9118-DEC8DB04BF61}.Release|Mixed Platforms.ActiveCfg = Release|Any CPU
		{31647B4C-829D-42DC-9118-DEC8DB04BF61}.Release|Mixed Platforms.Build.0 = Release|Any CPU
		{31647B4C-829D-42DC-9118-DEC8DB04BF61}.Release|Win32.ActiveCfg = Release|Any CPU
		{31647B4C-829D-42DC-9118-DEC8DB04BF61}.SingleImage|Any CPU.ActiveCfg = Release|Any CPU
		{31647B4C-829D-42DC-9118-DEC8DB04BF61}.SingleImage|Any CPU.Build.0 = Release|Any CPU
		{31647B4C-829D-42DC-9118-DEC8DB04BF61}.SingleImage|Mixed Platforms.ActiveCfg = Release|Any CPU
		{31647B4C-829D-42DC-9118-DEC8DB04BF61}.SingleImage|Mixed Platforms.Build.0 = Release|Any CPU
		{31647B4C-829D-42DC-9118-DEC8DB04BF61}.SingleImage|Win32.ActiveCfg = Release|Any CPU
		{80175EC9-C237-4A75-AC59-AAE19C1993A4}.CD_ROM|Any CPU.ActiveCfg = Release|Any CPU
		{80175EC9-C237-4A75-AC59-AAE19C1993A4}.CD_ROM|Any CPU.Build.0 = Release|Any CPU
		{80175EC9-C237-4A75-AC59-AAE19C1993A4}.CD_ROM|Mixed Platforms.ActiveCfg = Release|Any CPU
		{80175EC9-C237-4A75-AC59-AAE19C1993A4}.CD_ROM|Mixed Platforms.Build.0 = Release|Any CPU
		{80175EC9-C237-4A75-AC59-AAE19C1993A4}.CD_ROM|Win32.ActiveCfg = Release|Any CPU
		{80175EC9-C237-4A75-AC59-AAE19C1993A4}.Debug|Any CPU.ActiveCfg = Debug|Any CPU
		{80175EC9-C237-4A75-AC59-AAE19C1993A4}.Debug|Any CPU.Build.0 = Debug|Any CPU
		{80175EC9-C237-4A75-AC59-AAE19C1993A4}.Debug|Mixed Platforms.ActiveCfg = Debug|Any CPU
		{80175EC9-C237-4A75-AC59-AAE19C1993A4}.Debug|Mixed Platforms.Build.0 = Debug|Any CPU
		{80175EC9-C237-4A75-AC59-AAE19C1993A4}.Debug|Win32.ActiveCfg = Debug|Any CPU
		{80175EC9-C237-4A75-AC59-AAE19C1993A4}.DVD-5|Any CPU.ActiveCfg = Debug|Any CPU
		{80175EC9-C237-4A75-AC59-AAE19C1993A4}.DVD-5|Any CPU.Build.0 = Debug|Any CPU
		{80175EC9-C237-4A75-AC59-AAE19C1993A4}.DVD-5|Mixed Platforms.ActiveCfg = Debug|Any CPU
		{80175EC9-C237-4A75-AC59-AAE19C1993A4}.DVD-5|Mixed Platforms.Build.0 = Debug|Any CPU
		{80175EC9-C237-4A75-AC59-AAE19C1993A4}.DVD-5|Win32.ActiveCfg = Debug|Any CPU
		{80175EC9-C237-4A75-AC59-AAE19C1993A4}.Release|Any CPU.ActiveCfg = Release|Any CPU
		{80175EC9-C237-4A75-AC59-AAE19C1993A4}.Release|Any CPU.Build.0 = Release|Any CPU
		{80175EC9-C237-4A75-AC59-AAE19C1993A4}.Release|Mixed Platforms.ActiveCfg = Release|Any CPU
		{80175EC9-C237-4A75-AC59-AAE19C1993A4}.Release|Mixed Platforms.Build.0 = Release|Any CPU
		{80175EC9-C237-4A75-AC59-AAE19C1993A4}.Release|Win32.ActiveCfg = Release|Any CPU
		{80175EC9-C237-4A75-AC59-AAE19C1993A4}.SingleImage|Any CPU.ActiveCfg = Release|Any CPU
		{80175EC9-C237-4A75-AC59-AAE19C1993A4}.SingleImage|Any CPU.Build.0 = Release|Any CPU
		{80175EC9-C237-4A75-AC59-AAE19C1993A4}.SingleImage|Mixed Platforms.ActiveCfg = Release|Any CPU
		{80175EC9-C237-4A75-AC59-AAE19C1993A4}.SingleImage|Mixed Platforms.Build.0 = Release|Any CPU
		{80175EC9-C237-4A75-AC59-AAE19C1993A4}.SingleImage|Win32.ActiveCfg = Release|Any CPU
		{F7171D0F-ACA9-4688-A71D-279F03EB9A19}.CD_ROM|Any CPU.ActiveCfg = Release|Any CPU
		{F7171D0F-ACA9-4688-A71D-279F03EB9A19}.CD_ROM|Any CPU.Build.0 = Release|Any CPU
		{F7171D0F-ACA9-4688-A71D-279F03EB9A19}.CD_ROM|Mixed Platforms.ActiveCfg = Release|Any CPU
		{F7171D0F-ACA9-4688-A71D-279F03EB9A19}.CD_ROM|Mixed Platforms.Build.0 = Release|Any CPU
		{F7171D0F-ACA9-4688-A71D-279F03EB9A19}.CD_ROM|Win32.ActiveCfg = Release|Any CPU
		{F7171D0F-ACA9-4688-A71D-279F03EB9A19}.Debug|Any CPU.ActiveCfg = Debug|Any CPU
		{F7171D0F-ACA9-4688-A71D-279F03EB9A19}.Debug|Any CPU.Build.0 = Debug|Any CPU
		{F7171D0F-ACA9-4688-A71D-279F03EB9A19}.Debug|Mixed Platforms.ActiveCfg = Debug|Any CPU
		{F7171D0F-ACA9-4688-A71D-279F03EB9A19}.Debug|Mixed Platforms.Build.0 = Debug|Any CPU
		{F7171D0F-ACA9-4688-A71D-279F03EB9A19}.Debug|Win32.ActiveCfg = Debug|Any CPU
		{F7171D0F-ACA9-4688-A71D-279F03EB9A19}.DVD-5|Any CPU.ActiveCfg = Debug|Any CPU
		{F7171D0F-ACA9-4688-A71D-279F03EB9A19}.DVD-5|Any CPU.Build.0 = Debug|Any CPU
		{F7171D0F-ACA9-4688-A71D-279F03EB9A19}.DVD-5|Mixed Platforms.ActiveCfg = Debug|Any CPU
		{F7171D0F-ACA9-4688-A71D-279F03EB9A19}.DVD-5|Mixed Platforms.Build.0 = Debug|Any CPU
		{F7171D0F-ACA9-4688-A71D-279F03EB9A19}.DVD-5|Win32.ActiveCfg = Debug|Any CPU
		{F7171D0F-ACA9-4688-A71D-279F03EB9A19}.Release|Any CPU.ActiveCfg = Release|Any CPU
		{F7171D0F-ACA9-4688-A71D-279F03EB9A19}.Release|Any CPU.Build.0 = Release|Any CPU
		{F7171D0F-ACA9-4688-A71D-279F03EB9A19}.Release|Mixed Platforms.ActiveCfg = Release|Any CPU
		{F7171D0F-ACA9-4688-A71D-279F03EB9A19}.Release|Mixed Platforms.Build.0 = Release|Any CPU
		{F7171D0F-ACA9-4688-A71D-279F03EB9A19}.Release|Win32.ActiveCfg = Release|Any CPU
		{F7171D0F-ACA9-4688-A71D-279F03EB9A19}.SingleImage|Any CPU.ActiveCfg = Release|Any CPU
		{F7171D0F-ACA9-4688-A71D-279F03EB9A19}.SingleImage|Any CPU.Build.0 = Release|Any CPU
		{F7171D0F-ACA9-4688-A71D-279F03EB9A19}.SingleImage|Mixed Platforms.ActiveCfg = Release|Any CPU
		{F7171D0F-ACA9-4688-A71D-279F03EB9A19}.SingleImage|Mixed Platforms.Build.0 = Release|Any CPU
		{F7171D0F-ACA9-4688-A71D-279F03EB9A19}.SingleImage|Win32.ActiveCfg = Release|Any CPU
		{DE232F63-2C7E-429E-8EC4-FB7F76EFC6B9}.CD_ROM|Any CPU.ActiveCfg = Release|Any CPU
		{DE232F63-2C7E-429E-8EC4-FB7F76EFC6B9}.CD_ROM|Any CPU.Build.0 = Release|Any CPU
		{DE232F63-2C7E-429E-8EC4-FB7F76EFC6B9}.CD_ROM|Mixed Platforms.ActiveCfg = Release|Any CPU
		{DE232F63-2C7E-429E-8EC4-FB7F76EFC6B9}.CD_ROM|Mixed Platforms.Build.0 = Release|Any CPU
		{DE232F63-2C7E-429E-8EC4-FB7F76EFC6B9}.CD_ROM|Win32.ActiveCfg = Release|Any CPU
		{DE232F63-2C7E-429E-8EC4-FB7F76EFC6B9}.Debug|Any CPU.ActiveCfg = Debug|Any CPU
		{DE232F63-2C7E-429E-8EC4-FB7F76EFC6B9}.Debug|Any CPU.Build.0 = Debug|Any CPU
		{DE232F63-2C7E-429E-8EC4-FB7F76EFC6B9}.Debug|Mixed Platforms.ActiveCfg = Debug|Any CPU
		{DE232F63-2C7E-429E-8EC4-FB7F76EFC6B9}.Debug|Mixed Platforms.Build.0 = Debug|Any CPU
		{DE232F63-2C7E-429E-8EC4-FB7F76EFC6B9}.Debug|Win32.ActiveCfg = Debug|Any CPU
		{DE232F63-2C7E-429E-8EC4-FB7F76EFC6B9}.DVD-5|Any CPU.ActiveCfg = Debug|Any CPU
		{DE232F63-2C7E-429E-8EC4-FB7F76EFC6B9}.DVD-5|Any CPU.Build.0 = Debug|Any CPU
		{DE232F63-2C7E-429E-8EC4-FB7F76EFC6B9}.DVD-5|Mixed Platforms.ActiveCfg = Debug|Any CPU
		{DE232F63-2C7E-429E-8EC4-FB7F76EFC6B9}.DVD-5|Mixed Platforms.Build.0 = Debug|Any CPU
		{DE232F63-2C7E-429E-8EC4-FB7F76EFC6B9}.DVD-5|Win32.ActiveCfg = Debug|Any CPU
		{DE232F63-2C7E-429E-8EC4-FB7F76EFC6B9}.Release|Any CPU.ActiveCfg = Release|Any CPU
		{DE232F63-2C7E-429E-8EC4-FB7F76EFC6B9}.Release|Any CPU.Build.0 = Release|Any CPU
		{DE232F63-2C7E-429E-8EC4-FB7F76EFC6B9}.Release|Mixed Platforms.ActiveCfg = Release|Any CPU
		{DE232F63-2C7E-429E-8EC4-FB7F76EFC6B9}.Release|Mixed Platforms.Build.0 = Release|Any CPU
		{DE232F63-2C7E-429E-8EC4-FB7F76EFC6B9}.Release|Win32.ActiveCfg = Release|Any CPU
		{DE232F63-2C7E-429E-8EC4-FB7F76EFC6B9}.SingleImage|Any CPU.ActiveCfg = Release|Any CPU
		{DE232F63-2C7E-429E-8EC4-FB7F76EFC6B9}.SingleImage|Any CPU.Build.0 = Release|Any CPU
		{DE232F63-2C7E-429E-8EC4-FB7F76EFC6B9}.SingleImage|Mixed Platforms.ActiveCfg = Release|Any CPU
		{DE232F63-2C7E-429E-8EC4-FB7F76EFC6B9}.SingleImage|Mixed Platforms.Build.0 = Release|Any CPU
		{DE232F63-2C7E-429E-8EC4-FB7F76EFC6B9}.SingleImage|Win32.ActiveCfg = Release|Any CPU
		{0EE3CFC1-36A2-4FD9-AAB9-09C21DB84DE6}.CD_ROM|Any CPU.ActiveCfg = Release|Any CPU
		{0EE3CFC1-36A2-4FD9-AAB9-09C21DB84DE6}.CD_ROM|Any CPU.Build.0 = Release|Any CPU
		{0EE3CFC1-36A2-4FD9-AAB9-09C21DB84DE6}.CD_ROM|Mixed Platforms.ActiveCfg = Release|Any CPU
		{0EE3CFC1-36A2-4FD9-AAB9-09C21DB84DE6}.CD_ROM|Mixed Platforms.Build.0 = Release|Any CPU
		{0EE3CFC1-36A2-4FD9-AAB9-09C21DB84DE6}.CD_ROM|Win32.ActiveCfg = Release|Any CPU
		{0EE3CFC1-36A2-4FD9-AAB9-09C21DB84DE6}.Debug|Any CPU.ActiveCfg = Debug|Any CPU
		{0EE3CFC1-36A2-4FD9-AAB9-09C21DB84DE6}.Debug|Any CPU.Build.0 = Debug|Any CPU
		{0EE3CFC1-36A2-4FD9-AAB9-09C21DB84DE6}.Debug|Mixed Platforms.ActiveCfg = Debug|Any CPU
		{0EE3CFC1-36A2-4FD9-AAB9-09C21DB84DE6}.Debug|Mixed Platforms.Build.0 = Debug|Any CPU
		{0EE3CFC1-36A2-4FD9-AAB9-09C21DB84DE6}.Debug|Win32.ActiveCfg = Debug|Any CPU
		{0EE3CFC1-36A2-4FD9-AAB9-09C21DB84DE6}.DVD-5|Any CPU.ActiveCfg = Debug|Any CPU
		{0EE3CFC1-36A2-4FD9-AAB9-09C21DB84DE6}.DVD-5|Any CPU.Build.0 = Debug|Any CPU
		{0EE3CFC1-36A2-4FD9-AAB9-09C21DB84DE6}.DVD-5|Mixed Platforms.ActiveCfg = Debug|Any CPU
		{0EE3CFC1-36A2-4FD9-AAB9-09C21DB84DE6}.DVD-5|Mixed Platforms.Build.0 = Debug|Any CPU
		{0EE3CFC1-36A2-4FD9-AAB9-09C21DB84DE6}.DVD-5|Win32.ActiveCfg = Debug|Any CPU
		{0EE3CFC1-36A2-4FD9-AAB9-09C21DB84DE6}.Release|Any CPU.ActiveCfg = Release|Any CPU
		{0EE3CFC1-36A2-4FD9-AAB9-09C21DB84DE6}.Release|Any CPU.Build.0 = Release|Any CPU
		{0EE3CFC1-36A2-4FD9-AAB9-09C21DB84DE6}.Release|Mixed Platforms.ActiveCfg = Release|Any CPU
		{0EE3CFC1-36A2-4FD9-AAB9-09C21DB84DE6}.Release|Mixed Platforms.Build.0 = Release|Any CPU
		{0EE3CFC1-36A2-4FD9-AAB9-09C21DB84DE6}.Release|Win32.ActiveCfg = Release|Any CPU
		{0EE3CFC1-36A2-4FD9-AAB9-09C21DB84DE6}.SingleImage|Any CPU.ActiveCfg = Release|Any CPU
		{0EE3CFC1-36A2-4FD9-AAB9-09C21DB84DE6}.SingleImage|Any CPU.Build.0 = Release|Any CPU
		{0EE3CFC1-36A2-4FD9-AAB9-09C21DB84DE6}.SingleImage|Mixed Platforms.ActiveCfg = Release|Any CPU
		{0EE3CFC1-36A2-4FD9-AAB9-09C21DB84DE6}.SingleImage|Mixed Platforms.Build.0 = Release|Any CPU
		{0EE3CFC1-36A2-4FD9-AAB9-09C21DB84DE6}.SingleImage|Win32.ActiveCfg = Release|Any CPU
	EndGlobalSection
	GlobalSection(SolutionProperties) = preSolution
		HideSolutionNode = FALSE
	EndGlobalSection
	GlobalSection(ExtensibilityGlobals) = postSolution
		SolutionGuid = {F38F4ACA-51EF-4869-8BBC-92E5EC8CCC0C}
	EndGlobalSection
EndGlobal
